
Microsoft Visual Studio Solution File, Format Version 12.00
# Visual Studio Version 16
VisualStudioVersion = 16.0.30503.244
MinimumVisualStudioVersion = 10.0.40219.1
Project("{FAE04EC0-301F-11D3-BF4B-00C04F79EFBC}") = "BDDAutomation", "BDDAutomation\BDDAutomation.csproj", "{750CE120-3C92-471C-B568-6003D00C9641}"
EndProject
Global
	GlobalSection(SolutionConfigurationPlatforms) = preSolution
		Debug|Any CPU = Debug|Any CPU
		Release|Any CPU = Release|Any CPU
	EndGlobalSection
	GlobalSection(ProjectConfigurationPlatforms) = postSolution
		{750CE120-3C92-471C-B568-6003D00C9641}.Debug|Any CPU.ActiveCfg = Debug|Any CPU
		{750CE120-3C92-471C-B568-6003D00C9641}.Debug|Any CPU.Build.0 = Debug|Any CPU
		{750CE120-3C92-471C-B568-6003D00C9641}.Release|Any CPU.ActiveCfg = Release|Any CPU
		{750CE120-3C92-471C-B568-6003D00C9641}.Release|Any CPU.Build.0 = Release|Any CPU
	EndGlobalSection
	GlobalSection(SolutionProperties) = preSolution
		HideSolutionNode = FALSE
	EndGlobalSection
	GlobalSection(ExtensibilityGlobals) = postSolution
		SolutionGuid = {EB45869F-50DB-4556-B62C-D49DA4CE1445}
	EndGlobalSection
EndGlobal
